
Microsoft Visual Studio Solution File, Format Version 12.00
# Visual Studio Version 17
VisualStudioVersion = 17.4.33122.133
MinimumVisualStudioVersion = 10.0.40219.1
Project("{FAE04EC0-301F-11D3-BF4B-00C04F79EFBC}") = "Lahiye-Back", "Lahiye-Back\Lahiye-Back.csproj", "{05944B52-1778-42BC-9015-4F1723FE0484}"
EndProject
Global
	GlobalSection(SolutionConfigurationPlatforms) = preSolution
		Debug|Any CPU = Debug|Any CPU
		Release|Any CPU = Release|Any CPU
	EndGlobalSection
	GlobalSection(ProjectConfigurationPlatforms) = postSolution
		{05944B52-1778-42BC-9015-4F1723FE0484}.Debug|Any CPU.ActiveCfg = Debug|Any CPU
		{05944B52-1778-42BC-9015-4F1723FE0484}.Debug|Any CPU.Build.0 = Debug|Any CPU
		{05944B52-1778-42BC-9015-4F1723FE0484}.Release|Any CPU.ActiveCfg = Release|Any CPU
		{05944B52-1778-42BC-9015-4F1723FE0484}.Release|Any CPU.Build.0 = Release|Any CPU
	EndGlobalSection
	GlobalSection(SolutionProperties) = preSolution
		HideSolutionNode = FALSE
	EndGlobalSection
	GlobalSection(ExtensibilityGlobals) = postSolution
		SolutionGuid = {54C40787-0D29-4BB7-B356-7070621CA3BA}
	EndGlobalSection
EndGlobal
